{
  "name": "Lecture",
  "version": "1.0.0",
  "lockfileVersion": 2,
  "requires": true,
  "packages": {
    "": {
      "version": "1.0.0",
      "devDependencies": {
        "azure-functions-core-tools": "^4.x"
      }
    },
    "node_modules/azure-functions-core-tools": {
      "version": "4.0.4829",
      "resolved": "https://registry.npmjs.org/azure-functions-core-tools/-/azure-functions-core-tools-4.0.4829.tgz",
      "integrity": "sha512-SYbuISYMKXgGo/ES/Pf7rSUB/144/4Xm+GWIF48bO8DEjbcSSpD5PMziyONXf/uKoHiOXfuxYtzCb0z2uHJBkw==",
      "dev": true,
      "hasInstallScript": true,
      "hasShrinkwrap": true,
      "os": [
        "win32",
        "darwin",
        "linux"
      ],
      "dependencies": {
        "chalk": "3.0.0",
        "https-proxy-agent": "5.0.0",
        "progress": "2.0.3",
        "rimraf": "3.0.2",
        "unzipper": "0.10.10"
      },
      "bin": {
        "azfun": "lib/main.js",
        "azurefunctions": "lib/main.js",
        "func": "lib/main.js"
      },
      "engines": {
        "node": ">=6.9.1"
      }
    }
  },
  "dependencies": {
    "azure-functions-core-tools": {
      "version": "4.0.4829",
      "resolved": "https://registry.npmjs.org/azure-functions-core-tools/-/azure-functions-core-tools-4.0.4829.tgz",
      "integrity": "sha512-SYbuISYMKXgGo/ES/Pf7rSUB/144/4Xm+GWIF48bO8DEjbcSSpD5PMziyONXf/uKoHiOXfuxYtzCb0z2uHJBkw==",
      "dev": true,
      "requires": {
        "chalk": "3.0.0",
        "https-proxy-agent": "5.0.0",
        "progress": "2.0.3",
        "rimraf": "3.0.2",
        "unzipper": "0.10.10"
      }
    }
  }
}
